// !$*UTF8*$!
{
	archiveVersion = 1;
	classes = {
	};
	objectVersion = 46;
	objects = {

/* Begin PBXBuildFile section */
		B387CD8B1A19FC5D00A389A7 /* AppDelegate.swift in Sources */ = {isa = PBXBuildFile; fileRef = B387CD8A1A19FC5D00A389A7 /* AppDelegate.swift */; };
		B387CD8D1A19FC5D00A389A7 /* MainViewController.swift in Sources */ = {isa = PBXBuildFile; fileRef = B387CD8C1A19FC5D00A389A7 /* MainViewController.swift */; };
		B387CD901A19FC5D00A389A7 /* Main.storyboard in Resources */ = {isa = PBXBuildFile; fileRef = B387CD8E1A19FC5D00A389A7 /* Main.storyboard */; };
		B387CD921A19FC5D00A389A7 /* Images.xcassets in Resources */ = {isa = PBXBuildFile; fileRef = B387CD911A19FC5D00A389A7 /* Images.xcassets */; };
		B387CD951A19FC5D00A389A7 /* LaunchScreen.xib in Resources */ = {isa = PBXBuildFile; fileRef = B387CD931A19FC5D00A389A7 /* LaunchScreen.xib */; };
		B387CDA11A19FC5D00A389A7 /* QuickPollTests.swift in Sources */ = {isa = PBXBuildFile; fileRef = B387CDA01A19FC5D00A389A7 /* QuickPollTests.swift */; };
		B3B8F53A1A49E2A100D7B721 /* PollViewController.swift in Sources */ = {isa = PBXBuildFile; fileRef = B3B8F5391A49E2A100D7B721 /* PollViewController.swift */; };
		B3B8F5441A49F79E00D7B721 /* pollSocket.c in Sources */ = {isa = PBXBuildFile; fileRef = B3B8F5421A49F79E00D7B721 /* pollSocket.c */; };
		B3B8F5461A49FD8600D7B721 /* pollSocket.swift in Sources */ = {isa = PBXBuildFile; fileRef = B3B8F5451A49FD8500D7B721 /* pollSocket.swift */; };
/* End PBXBuildFile section */

/* Begin PBXContainerItemProxy section */
		B387CD9B1A19FC5D00A389A7 /* PBXContainerItemProxy */ = {
			isa = PBXContainerItemProxy;
			containerPortal = B387CD7D1A19FC5C00A389A7 /* Project object */;
			proxyType = 1;
			remoteGlobalIDString = B387CD841A19FC5D00A389A7;
			remoteInfo = QuickPoll;
		};
/* End PBXContainerItemProxy section */

/* Begin PBXFileReference section */
		B387CD851A19FC5D00A389A7 /* QuickPoll.app */ = {isa = PBXFileReference; explicitFileType = wrapper.application; includeInIndex = 0; path = QuickPoll.app; sourceTree = BUILT_PRODUCTS_DIR; };
		B387CD891A19FC5D00A389A7 /* Info.plist */ = {isa = PBXFileReference; lastKnownFileType = text.plist.xml; path = Info.plist; sourceTree = "<group>"; };
		B387CD8A1A19FC5D00A389A7 /* AppDelegate.swift */ = {isa = PBXFileReference; lastKnownFileType = sourcecode.swift; path = AppDelegate.swift; sourceTree = "<group>"; };
		B387CD8C1A19FC5D00A389A7 /* MainViewController.swift */ = {isa = PBXFileReference; lastKnownFileType = sourcecode.swift; path = MainViewController.swift; sourceTree = "<group>"; };
		B387CD8F1A19FC5D00A389A7 /* Base */ = {isa = PBXFileReference; lastKnownFileType = file.storyboard; name = Base; path = Base.lproj/Main.storyboard; sourceTree = "<group>"; };
		B387CD911A19FC5D00A389A7 /* Images.xcassets */ = {isa = PBXFileReference; lastKnownFileType = folder.assetcatalog; path = Images.xcassets; sourceTree = "<group>"; };
		B387CD941A19FC5D00A389A7 /* Base */ = {isa = PBXFileReference; lastKnownFileType = file.xib; name = Base; path = Base.lproj/LaunchScreen.xib; sourceTree = "<group>"; };
		B387CD9A1A19FC5D00A389A7 /* QuickPollTests.xctest */ = {isa = PBXFileReference; explicitFileType = wrapper.cfbundle; includeInIndex = 0; path = QuickPollTests.xctest; sourceTree = BUILT_PRODUCTS_DIR; };
		B387CD9F1A19FC5D00A389A7 /* Info.plist */ = {isa = PBXFileReference; lastKnownFileType = text.plist.xml; path = Info.plist; sourceTree = "<group>"; };
		B387CDA01A19FC5D00A389A7 /* QuickPollTests.swift */ = {isa = PBXFileReference; lastKnownFileType = sourcecode.swift; path = QuickPollTests.swift; sourceTree = "<group>"; };
		B3B8F5391A49E2A100D7B721 /* PollViewController.swift */ = {isa = PBXFileReference; fileEncoding = 4; lastKnownFileType = sourcecode.swift; path = PollViewController.swift; sourceTree = "<group>"; };
		B3B8F53C1A49EAA900D7B721 /* QuickPoll-Bridging-Header.h */ = {isa = PBXFileReference; lastKnownFileType = sourcecode.c.h; path = "QuickPoll-Bridging-Header.h"; sourceTree = "<group>"; };
		B3B8F5421A49F79E00D7B721 /* pollSocket.c */ = {isa = PBXFileReference; fileEncoding = 4; lastKnownFileType = sourcecode.c.c; path = pollSocket.c; sourceTree = "<group>"; };
		B3B8F5451A49FD8500D7B721 /* pollSocket.swift */ = {isa = PBXFileReference; fileEncoding = 4; lastKnownFileType = sourcecode.swift; path = pollSocket.swift; sourceTree = "<group>"; };
/* End PBXFileReference section */

/* Begin PBXFrameworksBuildPhase section */
		B387CD821A19FC5D00A389A7 /* Frameworks */ = {
			isa = PBXFrameworksBuildPhase;
			buildActionMask = 2147483647;
			files = (
			);
			runOnlyForDeploymentPostprocessing = 0;
		};
		B387CD971A19FC5D00A389A7 /* Frameworks */ = {
			isa = PBXFrameworksBuildPhase;
			buildActionMask = 2147483647;
			files = (
			);
			runOnlyForDeploymentPostprocessing = 0;
		};
/* End PBXFrameworksBuildPhase section */

/* Begin PBXGroup section */
		B387CD7C1A19FC5C00A389A7 = {
			isa = PBXGroup;
			children = (
				B387CD871A19FC5D00A389A7 /* QuickPoll */,
				B387CD9D1A19FC5D00A389A7 /* QuickPollTests */,
				B387CD861A19FC5D00A389A7 /* Products */,
			);
			sourceTree = "<group>";
		};
		B387CD861A19FC5D00A389A7 /* Products */ = {
			isa = PBXGroup;
			children = (
				B387CD851A19FC5D00A389A7 /* QuickPoll.app */,
				B387CD9A1A19FC5D00A389A7 /* QuickPollTests.xctest */,
			);
			name = Products;
			sourceTree = "<group>";
		};
		B387CD871A19FC5D00A389A7 /* QuickPoll */ = {
			isa = PBXGroup;
			children = (
				B387CD8A1A19FC5D00A389A7 /* AppDelegate.swift */,
				B387CD8E1A19FC5D00A389A7 /* Main.storyboard */,
				B3B8F5411A49EAAF00D7B721 /* SocketLib */,
				B3B8F53B1A49E2EA00D7B721 /* ViewControllers */,
				B387CD911A19FC5D00A389A7 /* Images.xcassets */,
				B387CD931A19FC5D00A389A7 /* LaunchScreen.xib */,
				B387CD881A19FC5D00A389A7 /* Supporting Files */,
				B3B8F53C1A49EAA900D7B721 /* QuickPoll-Bridging-Header.h */,
			);
			path = QuickPoll;
			sourceTree = "<group>";
		};
		B387CD881A19FC5D00A389A7 /* Supporting Files */ = {
			isa = PBXGroup;
			children = (
				B387CD891A19FC5D00A389A7 /* Info.plist */,
			);
			name = "Supporting Files";
			sourceTree = "<group>";
		};
		B387CD9D1A19FC5D00A389A7 /* QuickPollTests */ = {
			isa = PBXGroup;
			children = (
				B387CDA01A19FC5D00A389A7 /* QuickPollTests.swift */,
				B387CD9E1A19FC5D00A389A7 /* Supporting Files */,
			);
			path = QuickPollTests;
			sourceTree = "<group>";
		};
		B387CD9E1A19FC5D00A389A7 /* Supporting Files */ = {
			isa = PBXGroup;
			children = (
				B387CD9F1A19FC5D00A389A7 /* Info.plist */,
			);
			name = "Supporting Files";
			sourceTree = "<group>";
		};
		B3B8F53B1A49E2EA00D7B721 /* ViewControllers */ = {
			isa = PBXGroup;
			children = (
				B387CD8C1A19FC5D00A389A7 /* MainViewController.swift */,
				B3B8F5391A49E2A100D7B721 /* PollViewController.swift */,
			);
			name = ViewControllers;
			sourceTree = "<group>";
		};
		B3B8F5411A49EAAF00D7B721 /* SocketLib */ = {
			isa = PBXGroup;
			children = (
				B3B8F5421A49F79E00D7B721 /* pollSocket.c */,
				B3B8F5451A49FD8500D7B721 /* pollSocket.swift */,
			);
			name = SocketLib;
			sourceTree = "<group>";
		};
/* End PBXGroup section */

/* Begin PBXNativeTarget section */
		B387CD841A19FC5D00A389A7 /* QuickPoll */ = {
			isa = PBXNativeTarget;
			buildConfigurationList = B387CDA41A19FC5D00A389A7 /* Build configuration list for PBXNativeTarget "QuickPoll" */;
			buildPhases = (
				B387CD811A19FC5D00A389A7 /* Sources */,
				B387CD821A19FC5D00A389A7 /* Frameworks */,
				B387CD831A19FC5D00A389A7 /* Resources */,
			);
			buildRules = (
			);
			dependencies = (
			);
			name = QuickPoll;
			productName = QuickPoll;
			productReference = B387CD851A19FC5D00A389A7 /* QuickPoll.app */;
			productType = "com.apple.product-type.application";
		};
		B387CD991A19FC5D00A389A7 /* QuickPollTests */ = {
			isa = PBXNativeTarget;
			buildConfigurationList = B387CDA71A19FC5D00A389A7 /* Build configuration list for PBXNativeTarget "QuickPollTests" */;
			buildPhases = (
				B387CD961A19FC5D00A389A7 /* Sources */,
				B387CD971A19FC5D00A389A7 /* Frameworks */,
				B387CD981A19FC5D00A389A7 /* Resources */,
			);
			buildRules = (
			);
			dependencies = (
				B387CD9C1A19FC5D00A389A7 /* PBXTargetDependency */,
			);
			name = QuickPollTests;
			productName = QuickPollTests;
			productReference = B387CD9A1A19FC5D00A389A7 /* QuickPollTests.xctest */;
			productType = "com.apple.product-type.bundle.unit-test";
		};
/* End PBXNativeTarget section */

/* Begin PBXProject section */
		B387CD7D1A19FC5C00A389A7 /* Project object */ = {
			isa = PBXProject;
			attributes = {
				LastUpgradeCheck = 0610;
				ORGANIZATIONNAME = "Oguz Gelal";
				TargetAttributes = {
					B387CD841A19FC5D00A389A7 = {
						CreatedOnToolsVersion = 6.1;
					};
					B387CD991A19FC5D00A389A7 = {
						CreatedOnToolsVersion = 6.1;
						TestTargetID = B387CD841A19FC5D00A389A7;
					};
				};
			};
			buildConfigurationList = B387CD801A19FC5C00A389A7 /* Build configuration list for PBXProject "QuickPoll" */;
			compatibilityVersion = "Xcode 3.2";
			developmentRegion = English;
			hasScannedForEncodings = 0;
			knownRegions = (
				en,
				Base,
			);
			mainGroup = B387CD7C1A19FC5C00A389A7;
			productRefGroup = B387CD861A19FC5D00A389A7 /* Products */;
			projectDirPath = "";
			projectRoot = "";
			targets = (
				B387CD841A19FC5D00A389A7 /* QuickPoll */,
				B387CD991A19FC5D00A389A7 /* QuickPollTests */,
			);
		};
/* End PBXProject section */

/* Begin PBXResourcesBuildPhase section */
		B387CD831A19FC5D00A389A7 /* Resources */ = {
			isa = PBXResourcesBuildPhase;
			buildActionMask = 2147483647;
			files = (
				B387CD901A19FC5D00A389A7 /* Main.storyboard in Resources */,
				B387CD951A19FC5D00A389A7 /* LaunchScreen.xib in Resources */,
				B387CD921A19FC5D00A389A7 /* Images.xcassets in Resources */,
			);
			runOnlyForDeploymentPostprocessing = 0;
		};
		B387CD981A19FC5D00A389A7 /* Resources */ = {
			isa = PBXResourcesBuildPhase;
			buildActionMask = 2147483647;
			files = (
			);
			runOnlyForDeploymentPostprocessing = 0;
		};
/* End PBXResourcesBuildPhase section */

/* Begin PBXSourcesBuildPhase section */
		B387CD811A19FC5D00A389A7 /* Sources */ = {
			isa = PBXSourcesBuildPhase;
			buildActionMask = 2147483647;
			files = (
				B3B8F5461A49FD8600D7B721 /* pollSocket.swift in Sources */,
				B387CD8D1A19FC5D00A389A7 /* MainViewController.swift in Sources */,
				B3B8F5441A49F79E00D7B721 /* pollSocket.c in Sources */,
				B3B8F53A1A49E2A100D7B721 /* PollViewController.swift in Sources */,
				B387CD8B1A19FC5D00A389A7 /* AppDelegate.swift in Sources */,
			);
			runOnlyForDeploymentPostprocessing = 0;
		};
		B387CD961A19FC5D00A389A7 /* Sources */ = {
			isa = PBXSourcesBuildPhase;
			buildActionMask = 2147483647;
			files = (
				B387CDA11A19FC5D00A389A7 /* QuickPollTests.swift in Sources */,
			);
			runOnlyForDeploymentPostprocessing = 0;
		};
/* End PBXSourcesBuildPhase section */

/* Begin PBXTargetDependency section */
		B387CD9C1A19FC5D00A389A7 /* PBXTargetDependency */ = {
			isa = PBXTargetDependency;
			target = B387CD841A19FC5D00A389A7 /* QuickPoll */;
			targetProxy = B387CD9B1A19FC5D00A389A7 /* PBXContainerItemProxy */;
		};
/* End PBXTargetDependency section */

/* Begin PBXVariantGroup section */
		B387CD8E1A19FC5D00A389A7 /* Main.storyboard */ = {
			isa = PBXVariantGroup;
			children = (
				B387CD8F1A19FC5D00A389A7 /* Base */,
			);
			name = Main.storyboard;
			sourceTree = "<group>";
		};
		B387CD931A19FC5D00A389A7 /* LaunchScreen.xib */ = {
			isa = PBXVariantGroup;
			children = (
				B387CD941A19FC5D00A389A7 /* Base */,
			);
			name = LaunchScreen.xib;
			sourceTree = "<group>";
		};
/* End PBXVariantGroup section */

/* Begin XCBuildConfiguration section */
		B387CDA21A19FC5D00A389A7 /* Debug */ = {
			isa = XCBuildConfiguration;
			buildSettings = {
				ALWAYS_SEARCH_USER_PATHS = NO;
				CLANG_CXX_LANGUAGE_STANDARD = "gnu++0x";
				CLANG_CXX_LIBRARY = "libc++";
				CLANG_ENABLE_MODULES = YES;
				CLANG_ENABLE_OBJC_ARC = YES;
				CLANG_WARN_BOOL_CONVERSION = YES;
				CLANG_WARN_CONSTANT_CONVERSION = YES;
				CLANG_WARN_DIRECT_OBJC_ISA_USAGE = YES_ERROR;
				CLANG_WARN_EMPTY_BODY = YES;
				CLANG_WARN_ENUM_CONVERSION = YES;
				CLANG_WARN_INT_CONVERSION = YES;
				CLANG_WARN_OBJC_ROOT_CLASS = YES_ERROR;
				CLANG_WARN_UNREACHABLE_CODE = YES;
				CLANG_WARN__DUPLICATE_METHOD_MATCH = YES;
				"CODE_SIGN_IDENTITY[sdk=iphoneos*]" = "iPhone Developer";
				COPY_PHASE_STRIP = NO;
				ENABLE_STRICT_OBJC_MSGSEND = YES;
				GCC_C_LANGUAGE_STANDARD = gnu99;
				GCC_DYNAMIC_NO_PIC = NO;
				GCC_OPTIMIZATION_LEVEL = 0;
				GCC_PREPROCESSOR_DEFINITIONS = (
					"DEBUG=1",
					"$(inherited)",
				);
				GCC_SYMBOLS_PRIVATE_EXTERN = NO;
				GCC_WARN_64_TO_32_BIT_CONVERSION = YES;
				GCC_WARN_ABOUT_RETURN_TYPE = YES_ERROR;
				GCC_WARN_UNDECLARED_SELECTOR = YES;
				GCC_WARN_UNINITIALIZED_AUTOS = YES_AGGRESSIVE;
				GCC_WARN_UNUSED_FUNCTION = YES;
				GCC_WARN_UNUSED_VARIABLE = YES;
				IPHONEOS_DEPLOYMENT_TARGET = 8.1;
				MTL_ENABLE_DEBUG_INFO = YES;
				ONLY_ACTIVE_ARCH = YES;
				SDKROOT = iphoneos;
				SWIFT_OPTIMIZATION_LEVEL = "-Onone";
			};
			name = Debug;
		};
		B387CDA31A19FC5D00A389A7 /* Release */ = {
			isa = XCBuildConfiguration;
			buildSettings = {
				ALWAYS_SEARCH_USER_PATHS = NO;
				CLANG_CXX_LANGUAGE_STANDARD = "gnu++0x";
				CLANG_CXX_LIBRARY = "libc++";
				CLANG_ENABLE_MODULES = YES;
				CLANG_ENABLE_OBJC_ARC = YES;
				CLANG_WARN_BOOL_CONVERSION = YES;
				CLANG_WARN_CONSTANT_CONVERSION = YES;
				CLANG_WARN_DIRECT_OBJC_ISA_USAGE = YES_ERROR;
				CLANG_WARN_EMPTY_BODY = YES;
				CLANG_WARN_ENUM_CONVERSION = YES;
				CLANG_WARN_INT_CONVERSION = YES;
				CLANG_WARN_OBJC_ROOT_CLASS = YES_ERROR;
				CLANG_WARN_UNREACHABLE_CODE = YES;
				CLANG_WARN__DUPLICATE_METHOD_MATCH = YES;
				"CODE_SIGN_IDENTITY[sdk=iphoneos*]" = "iPhone Developer";
				COPY_PHASE_STRIP = YES;
				ENABLE_NS_ASSERTIONS = NO;
				ENABLE_STRICT_OBJC_MSGSEND = YES;
				GCC_C_LANGUAGE_STANDARD = gnu99;
				GCC_WARN_64_TO_32_BIT_CONVERSION = YES;
				GCC_WARN_ABOUT_RETURN_TYPE = YES_ERROR;
				GCC_WARN_UNDECLARED_SELECTOR = YES;
				GCC_WARN_UNINITIALIZED_AUTOS = YES_AGGRESSIVE;
				GCC_WARN_UNUSED_FUNCTION = YES;
				GCC_WARN_UNUSED_VARIABLE = YES;
				IPHONEOS_DEPLOYMENT_TARGET = 8.1;
				MTL_ENABLE_DEBUG_INFO = NO;
				SDKROOT = iphoneos;
				VALIDATE_PRODUCT = YES;
			};
			name = Release;
		};
		B387CDA51A19FC5D00A389A7 /* Debug */ = {
			isa = XCBuildConfiguration;
			buildSettings = {
				ASSETCATALOG_COMPILER_APPICON_NAME = AppIcon;
				CLANG_ENABLE_MODULES = YES;
				INFOPLIST_FILE = QuickPoll/Info.plist;
				LD_RUNPATH_SEARCH_PATHS = "$(inherited) @executable_path/Frameworks";
				PRODUCT_NAME = "$(TARGET_NAME)";
				SWIFT_OBJC_BRIDGING_HEADER = "QuickPoll/QuickPoll-Bridging-Header.h";
				SWIFT_OPTIMIZATION_LEVEL = "-Onone";
			};
			name = Debug;
		};
		B387CDA61A19FC5D00A389A7 /* Release */ = {
			isa = XCBuildConfiguration;
			buildSettings = {
				ASSETCATALOG_COMPILER_APPICON_NAME = AppIcon;
				CLANG_ENABLE_MODULES = YES;
				INFOPLIST_FILE = QuickPoll/Info.plist;
				LD_RUNPATH_SEARCH_PATHS = "$(inherited) @executable_path/Frameworks";
				PRODUCT_NAME = "$(TARGET_NAME)";
				SWIFT_OBJC_BRIDGING_HEADER = "QuickPoll/QuickPoll-Bridging-Header.h";
			};
			name = Release;
		};
		B387CDA81A19FC5D00A389A7 /* Debug */ = {
			isa = XCBuildConfiguration;
			buildSettings = {
				BUNDLE_LOADER = "$(TEST_HOST)";
				FRAMEWORK_SEARCH_PATHS = (
					"$(SDKROOT)/Developer/Library/Frameworks",
					"$(inherited)",
				);
				GCC_PREPROCESSOR_DEFINITIONS = (
					"DEBUG=1",
					"$(inherited)",
				);
				INFOPLIST_FILE = QuickPollTests/Info.plist;
				LD_RUNPATH_SEARCH_PATHS = "$(inherited) @executable_path/Frameworks @loader_path/Frameworks";
				PRODUCT_NAME = "$(TARGET_NAME)";
				TEST_HOST = "$(BUILT_PRODUCTS_DIR)/QuickPoll.app/QuickPoll";
			};
			name = Debug;
		};
		B387CDA91A19FC5D00A389A7 /* Release */ = {
			isa = XCBuildConfiguration;
			buildSettings = {
				BUNDLE_LOADER = "$(TEST_HOST)";
				FRAMEWORK_SEARCH_PATHS = (
					"$(SDKROOT)/Developer/Library/Frameworks",
					"$(inherited)",
				);
				INFOPLIST_FILE = QuickPollTests/Info.plist;
				LD_RUNPATH_SEARCH_PATHS = "$(inherited) @executable_path/Frameworks @loader_path/Frameworks";
				PRODUCT_NAME = "$(TARGET_NAME)";
				TEST_HOST = "$(BUILT_PRODUCTS_DIR)/QuickPoll.app/QuickPoll";
			};
			name = Release;
		};
/* End XCBuildConfiguration section */

/* Begin XCConfigurationList section */
		B387CD801A19FC5C00A389A7 /* Build configuration list for PBXProject "QuickPoll" */ = {
			isa = XCConfigurationList;
			buildConfigurations = (
				B387CDA21A19FC5D00A389A7 /* Debug */,
				B387CDA31A19FC5D00A389A7 /* Release */,
			);
			defaultConfigurationIsVisible = 0;
			defaultConfigurationName = Release;
		};
		B387CDA41A19FC5D00A389A7 /* Build configuration list for PBXNativeTarget "QuickPoll" */ = {
			isa = XCConfigurationList;
			buildConfigurations = (
				B387CDA51A19FC5D00A389A7 /* Debug */,
				B387CDA61A19FC5D00A389A7 /* Release */,
			);
			defaultConfigurationIsVisible = 0;
			defaultConfigurationName = Release;
		};
		B387CDA71A19FC5D00A389A7 /* Build configuration list for PBXNativeTarget "QuickPollTests" */ = {
			isa = XCConfigurationList;
			buildConfigurations = (
				B387CDA81A19FC5D00A389A7 /* Debug */,
				B387CDA91A19FC5D00A389A7 /* Release */,
			);
			defaultConfigurationIsVisible = 0;
			defaultConfigurationName = Release;
		};
/* End XCConfigurationList section */
	};
	rootObject = B387CD7D1A19FC5C00A389A7 /* Project object */;
}
